
Microsoft Visual Studio Solution File, Format Version 12.00
# Visual Studio Version 17
VisualStudioVersion = 17.14.36310.24 d17.14
MinimumVisualStudioVersion = 10.0.40219.1
Project("{FAE04EC0-301F-11D3-BF4B-00C04F79EFBC}") = "3_request_pipeline", "3_request_pipeline\3_request_pipeline.csproj", "{5051E43B-CA37-41D2-A9E5-F1267532C665}"
EndProject
Global
	GlobalSection(SolutionConfigurationPlatforms) = preSolution
		Debug|Any CPU = Debug|Any CPU
		Release|Any CPU = Release|Any CPU
	EndGlobalSection
	GlobalSection(ProjectConfigurationPlatforms) = postSolution
		{5051E43B-CA37-41D2-A9E5-F1267532C665}.Debug|Any CPU.ActiveCfg = Debug|Any CPU
		{5051E43B-CA37-41D2-A9E5-F1267532C665}.Debug|Any CPU.Build.0 = Debug|Any CPU
		{5051E43B-CA37-41D2-A9E5-F1267532C665}.Release|Any CPU.ActiveCfg = Release|Any CPU
		{5051E43B-CA37-41D2-A9E5-F1267532C665}.Release|Any CPU.Build.0 = Release|Any CPU
	EndGlobalSection
	GlobalSection(SolutionProperties) = preSolution
		HideSolutionNode = FALSE
	EndGlobalSection
	GlobalSection(ExtensibilityGlobals) = postSolution
		SolutionGuid = {C528E72B-9BCA-4416-818D-B61FD76EAA48}
	EndGlobalSection
EndGlobal
